
Microsoft Visual Studio Solution File, Format Version 12.00
# Visual Studio Version 16
VisualStudioVersion = 16.0.31829.152
MinimumVisualStudioVersion = 10.0.40219.1
Project("{FAE04EC0-301F-11D3-BF4B-00C04F79EFBC}") = "AdventOfCode2016", "AdventOfCode2016\AdventOfCode2016.csproj", "{96E59DAD-57F3-45CB-A1C7-5FB75BEFAAC9}"
EndProject
Project("{9A19103F-16F7-4668-BE54-9A1E7A4F7556}") = "AdventOfCode2021", "AdventOfCode2021\AdventOfCode2021.csproj", "{3B500C65-F6F3-4398-A559-1E8BE6354D65}"
EndProject
Project("{FAE04EC0-301F-11D3-BF4B-00C04F79EFBC}") = "AdventOfCode2022", "AdventOfCode2022\AdventOfCode2022.csproj", "{CFF1EB2C-87BB-4DBA-B460-A31D8438C774}"
EndProject
Global
	GlobalSection(SolutionConfigurationPlatforms) = preSolution
		Debug|Any CPU = Debug|Any CPU
		Release|Any CPU = Release|Any CPU
	EndGlobalSection
	GlobalSection(ProjectConfigurationPlatforms) = postSolution
		{96E59DAD-57F3-45CB-A1C7-5FB75BEFAAC9}.Debug|Any CPU.ActiveCfg = Debug|Any CPU
		{96E59DAD-57F3-45CB-A1C7-5FB75BEFAAC9}.Debug|Any CPU.Build.0 = Debug|Any CPU
		{96E59DAD-57F3-45CB-A1C7-5FB75BEFAAC9}.Release|Any CPU.ActiveCfg = Release|Any CPU
		{96E59DAD-57F3-45CB-A1C7-5FB75BEFAAC9}.Release|Any CPU.Build.0 = Release|Any CPU
		{3B500C65-F6F3-4398-A559-1E8BE6354D65}.Debug|Any CPU.ActiveCfg = Debug|Any CPU
		{3B500C65-F6F3-4398-A559-1E8BE6354D65}.Debug|Any CPU.Build.0 = Debug|Any CPU
		{3B500C65-F6F3-4398-A559-1E8BE6354D65}.Release|Any CPU.ActiveCfg = Release|Any CPU
		{3B500C65-F6F3-4398-A559-1E8BE6354D65}.Release|Any CPU.Build.0 = Release|Any CPU
		{CFF1EB2C-87BB-4DBA-B460-A31D8438C774}.Debug|Any CPU.ActiveCfg = Debug|Any CPU
		{CFF1EB2C-87BB-4DBA-B460-A31D8438C774}.Debug|Any CPU.Build.0 = Debug|Any CPU
		{CFF1EB2C-87BB-4DBA-B460-A31D8438C774}.Release|Any CPU.ActiveCfg = Release|Any CPU
		{CFF1EB2C-87BB-4DBA-B460-A31D8438C774}.Release|Any CPU.Build.0 = Release|Any CPU
	EndGlobalSection
	GlobalSection(SolutionProperties) = preSolution
		HideSolutionNode = FALSE
	EndGlobalSection
	GlobalSection(ExtensibilityGlobals) = postSolution
		SolutionGuid = {1D04748D-1CC0-4E62-A096-D4A1A1AE01A6}
	EndGlobalSection
EndGlobal
